// !$*UTF8*$!
{
	archiveVersion = 1;
	classes = {
	};
	objectVersion = 50;
	objects = {

/* Begin PBXBuildFile section */
		97464EA123C1C470007EF577 /* ArticleTableViewCell.swift in Sources */ = {isa = PBXBuildFile; fileRef = 97464EA023C1C470007EF577 /* ArticleTableViewCell.swift */; };
		97532F1623C1081100870843 /* AppDelegate.swift in Sources */ = {isa = PBXBuildFile; fileRef = 97532F1523C1081100870843 /* AppDelegate.swift */; };
		97532F1823C1081100870843 /* SceneDelegate.swift in Sources */ = {isa = PBXBuildFile; fileRef = 97532F1723C1081100870843 /* SceneDelegate.swift */; };
		97532F1D23C1081100870843 /* Main.storyboard in Resources */ = {isa = PBXBuildFile; fileRef = 97532F1B23C1081100870843 /* Main.storyboard */; };
		97532F1F23C1081300870843 /* Assets.xcassets in Resources */ = {isa = PBXBuildFile; fileRef = 97532F1E23C1081300870843 /* Assets.xcassets */; };
		97532F2223C1081300870843 /* LaunchScreen.storyboard in Resources */ = {isa = PBXBuildFile; fileRef = 97532F2023C1081300870843 /* LaunchScreen.storyboard */; };
		97532F2B23C1085C00870843 /* NewsListTableViewController.swift in Sources */ = {isa = PBXBuildFile; fileRef = 97532F2A23C1085C00870843 /* NewsListTableViewController.swift */; };
		97532F2E23C1193F00870843 /* WebService.swift in Sources */ = {isa = PBXBuildFile; fileRef = 97532F2D23C1193F00870843 /* WebService.swift */; };
		97532F3123C11CF200870843 /* Article.swift in Sources */ = {isa = PBXBuildFile; fileRef = 97532F3023C11CF200870843 /* Article.swift */; };
		97532F3423C126F200870843 /* ArticleViewModel.swift in Sources */ = {isa = PBXBuildFile; fileRef = 97532F3323C126F200870843 /* ArticleViewModel.swift */; };
/* End PBXBuildFile section */

/* Begin PBXFileReference section */
		97464EA023C1C470007EF577 /* ArticleTableViewCell.swift */ = {isa = PBXFileReference; lastKnownFileType = sourcecode.swift; path = ArticleTableViewCell.swift; sourceTree = "<group>"; };
		97532F1223C1081100870843 /* GoodNews.app */ = {isa = PBXFileReference; explicitFileType = wrapper.application; includeInIndex = 0; path = GoodNews.app; sourceTree = BUILT_PRODUCTS_DIR; };
		97532F1523C1081100870843 /* AppDelegate.swift */ = {isa = PBXFileReference; lastKnownFileType = sourcecode.swift; path = AppDelegate.swift; sourceTree = "<group>"; };
		97532F1723C1081100870843 /* SceneDelegate.swift */ = {isa = PBXFileReference; lastKnownFileType = sourcecode.swift; path = SceneDelegate.swift; sourceTree = "<group>"; };
		97532F1C23C1081100870843 /* Base */ = {isa = PBXFileReference; lastKnownFileType = file.storyboard; name = Base; path = Base.lproj/Main.storyboard; sourceTree = "<group>"; };
		97532F1E23C1081300870843 /* Assets.xcassets */ = {isa = PBXFileReference; lastKnownFileType = folder.assetcatalog; path = Assets.xcassets; sourceTree = "<group>"; };
		97532F2123C1081300870843 /* Base */ = {isa = PBXFileReference; lastKnownFileType = file.storyboard; name = Base; path = Base.lproj/LaunchScreen.storyboard; sourceTree = "<group>"; };
		97532F2323C1081300870843 /* Info.plist */ = {isa = PBXFileReference; lastKnownFileType = text.plist.xml; path = Info.plist; sourceTree = "<group>"; };
		97532F2A23C1085C00870843 /* NewsListTableViewController.swift */ = {isa = PBXFileReference; lastKnownFileType = sourcecode.swift; path = NewsListTableViewController.swift; sourceTree = "<group>"; };
		97532F2D23C1193F00870843 /* WebService.swift */ = {isa = PBXFileReference; lastKnownFileType = sourcecode.swift; path = WebService.swift; sourceTree = "<group>"; };
		97532F3023C11CF200870843 /* Article.swift */ = {isa = PBXFileReference; lastKnownFileType = sourcecode.swift; path = Article.swift; sourceTree = "<group>"; };
		97532F3323C126F200870843 /* ArticleViewModel.swift */ = {isa = PBXFileReference; lastKnownFileType = sourcecode.swift; path = ArticleViewModel.swift; sourceTree = "<group>"; };
/* End PBXFileReference section */

/* Begin PBXFrameworksBuildPhase section */
		97532F0F23C1081100870843 /* Frameworks */ = {
			isa = PBXFrameworksBuildPhase;
			buildActionMask = 2147483647;
			files = (
			);
			runOnlyForDeploymentPostprocessing = 0;
		};
/* End PBXFrameworksBuildPhase section */

/* Begin PBXGroup section */
		97464E9F23C1C455007EF577 /* Cells */ = {
			isa = PBXGroup;
			children = (
				97464EA023C1C470007EF577 /* ArticleTableViewCell.swift */,
			);
			path = Cells;
			sourceTree = "<group>";
		};
		97532F0923C1081100870843 = {
			isa = PBXGroup;
			children = (
				97532F1423C1081100870843 /* GoodNews */,
				97532F1323C1081100870843 /* Products */,
			);
			sourceTree = "<group>";
		};
		97532F1323C1081100870843 /* Products */ = {
			isa = PBXGroup;
			children = (
				97532F1223C1081100870843 /* GoodNews.app */,
			);
			name = Products;
			sourceTree = "<group>";
		};
		97532F1423C1081100870843 /* GoodNews */ = {
			isa = PBXGroup;
			children = (
				97532F1523C1081100870843 /* AppDelegate.swift */,
				97532F1723C1081100870843 /* SceneDelegate.swift */,
				97464E9F23C1C455007EF577 /* Cells */,
				97532F3223C126D300870843 /* ViewModels */,
				97532F2F23C11CB900870843 /* Models */,
				97532F2C23C1191B00870843 /* Services */,
				97532F2923C1083D00870843 /* Controllers */,
				97532F1B23C1081100870843 /* Main.storyboard */,
				97532F1E23C1081300870843 /* Assets.xcassets */,
				97532F2023C1081300870843 /* LaunchScreen.storyboard */,
				97532F2323C1081300870843 /* Info.plist */,
			);
			path = GoodNews;
			sourceTree = "<group>";
		};
		97532F2923C1083D00870843 /* Controllers */ = {
			isa = PBXGroup;
			children = (
				97532F2A23C1085C00870843 /* NewsListTableViewController.swift */,
			);
			path = Controllers;
			sourceTree = "<group>";
		};
		97532F2C23C1191B00870843 /* Services */ = {
			isa = PBXGroup;
			children = (
				97532F2D23C1193F00870843 /* WebService.swift */,
			);
			path = Services;
			sourceTree = "<group>";
		};
		97532F2F23C11CB900870843 /* Models */ = {
			isa = PBXGroup;
			children = (
				97532F3023C11CF200870843 /* Article.swift */,
			);
			path = Models;
			sourceTree = "<group>";
		};
		97532F3223C126D300870843 /* ViewModels */ = {
			isa = PBXGroup;
			children = (
				97532F3323C126F200870843 /* ArticleViewModel.swift */,
			);
			path = ViewModels;
			sourceTree = "<group>";
		};
/* End PBXGroup section */

/* Begin PBXNativeTarget section */
		97532F1123C1081100870843 /* GoodNews */ = {
			isa = PBXNativeTarget;
			buildConfigurationList = 97532F2623C1081300870843 /* Build configuration list for PBXNativeTarget "GoodNews" */;
			buildPhases = (
				97532F0E23C1081100870843 /* Sources */,
				97532F0F23C1081100870843 /* Frameworks */,
				97532F1023C1081100870843 /* Resources */,
			);
			buildRules = (
			);
			dependencies = (
			);
			name = GoodNews;
			productName = GoodNews;
			productReference = 97532F1223C1081100870843 /* GoodNews.app */;
			productType = "com.apple.product-type.application";
		};
/* End PBXNativeTarget section */

/* Begin PBXProject section */
		97532F0A23C1081100870843 /* Project object */ = {
			isa = PBXProject;
			attributes = {
				LastSwiftUpdateCheck = 1110;
				LastUpgradeCheck = 1110;
				ORGANIZATIONNAME = "Pushpank Kumar";
				TargetAttributes = {
					97532F1123C1081100870843 = {
						CreatedOnToolsVersion = 11.1;
					};
				};
			};
			buildConfigurationList = 97532F0D23C1081100870843 /* Build configuration list for PBXProject "GoodNews" */;
			compatibilityVersion = "Xcode 9.3";
			developmentRegion = en;
			hasScannedForEncodings = 0;
			knownRegions = (
				en,
				Base,
			);
			mainGroup = 97532F0923C1081100870843;
			productRefGroup = 97532F1323C1081100870843 /* Products */;
			projectDirPath = "";
			projectRoot = "";
			targets = (
				97532F1123C1081100870843 /* GoodNews */,
			);
		};
/* End PBXProject section */

/* Begin PBXResourcesBuildPhase section */
		97532F1023C1081100870843 /* Resources */ = {
			isa = PBXResourcesBuildPhase;
			buildActionMask = 2147483647;
			files = (
				97532F2223C1081300870843 /* LaunchScreen.storyboard in Resources */,
				97532F1F23C1081300870843 /* Assets.xcassets in Resources */,
				97532F1D23C1081100870843 /* Main.storyboard in Resources */,
			);
			runOnlyForDeploymentPostprocessing = 0;
		};
/* End PBXResourcesBuildPhase section */

/* Begin PBXSourcesBuildPhase section */
		97532F0E23C1081100870843 /* Sources */ = {
			isa = PBXSourcesBuildPhase;
			buildActionMask = 2147483647;
			files = (
				97532F1623C1081100870843 /* AppDelegate.swift in Sources */,
				97532F2B23C1085C00870843 /* NewsListTableViewController.swift in Sources */,
				97532F2E23C1193F00870843 /* WebService.swift in Sources */,
				97532F3423C126F200870843 /* ArticleViewModel.swift in Sources */,
				97532F1823C1081100870843 /* SceneDelegate.swift in Sources */,
				97464EA123C1C470007EF577 /* ArticleTableViewCell.swift in Sources */,
				97532F3123C11CF200870843 /* Article.swift in Sources */,
			);
			runOnlyForDeploymentPostprocessing = 0;
		};
/* End PBXSourcesBuildPhase section */

/* Begin PBXVariantGroup section */
		97532F1B23C1081100870843 /* Main.storyboard */ = {
			isa = PBXVariantGroup;
			children = (
				97532F1C23C1081100870843 /* Base */,
			);
			name = Main.storyboard;
			sourceTree = "<group>";
		};
		97532F2023C1081300870843 /* LaunchScreen.storyboard */ = {
			isa = PBXVariantGroup;
			children = (
				97532F2123C1081300870843 /* Base */,
			);
			name = LaunchScreen.storyboard;
			sourceTree = "<group>";
		};
/* End PBXVariantGroup section */

/* Begin XCBuildConfiguration section */
		97532F2423C1081300870843 /* Debug */ = {
			isa = XCBuildConfiguration;
			buildSettings = {
				ALWAYS_SEARCH_USER_PATHS = NO;
				CLANG_ANALYZER_NONNULL = YES;
				CLANG_ANALYZER_NUMBER_OBJECT_CONVERSION = YES_AGGRESSIVE;
				CLANG_CXX_LANGUAGE_STANDARD = "gnu++14";
				CLANG_CXX_LIBRARY = "libc++";
				CLANG_ENABLE_MODULES = YES;
				CLANG_ENABLE_OBJC_ARC = YES;
				CLANG_ENABLE_OBJC_WEAK = YES;
				CLANG_WARN_BLOCK_CAPTURE_AUTORELEASING = YES;
				CLANG_WARN_BOOL_CONVERSION = YES;
				CLANG_WARN_COMMA = YES;
				CLANG_WARN_CONSTANT_CONVERSION = YES;
				CLANG_WARN_DEPRECATED_OBJC_IMPLEMENTATIONS = YES;
				CLANG_WARN_DIRECT_OBJC_ISA_USAGE = YES_ERROR;
				CLANG_WARN_DOCUMENTATION_COMMENTS = YES;
				CLANG_WARN_EMPTY_BODY = YES;
				CLANG_WARN_ENUM_CONVERSION = YES;
				CLANG_WARN_INFINITE_RECURSION = YES;
				CLANG_WARN_INT_CONVERSION = YES;
				CLANG_WARN_NON_LITERAL_NULL_CONVERSION = YES;
				CLANG_WARN_OBJC_IMPLICIT_RETAIN_SELF = YES;
				CLANG_WARN_OBJC_LITERAL_CONVERSION = YES;
				CLANG_WARN_OBJC_ROOT_CLASS = YES_ERROR;
				CLANG_WARN_RANGE_LOOP_ANALYSIS = YES;
				CLANG_WARN_STRICT_PROTOTYPES = YES;
				CLANG_WARN_SUSPICIOUS_MOVE = YES;
				CLANG_WARN_UNGUARDED_AVAILABILITY = YES_AGGRESSIVE;
				CLANG_WARN_UNREACHABLE_CODE = YES;
				CLANG_WARN__DUPLICATE_METHOD_MATCH = YES;
				COPY_PHASE_STRIP = NO;
				DEBUG_INFORMATION_FORMAT = dwarf;
				ENABLE_STRICT_OBJC_MSGSEND = YES;
				ENABLE_TESTABILITY = YES;
				GCC_C_LANGUAGE_STANDARD = gnu11;
				GCC_DYNAMIC_NO_PIC = NO;
				GCC_NO_COMMON_BLOCKS = YES;
				GCC_OPTIMIZATION_LEVEL = 0;
				GCC_PREPROCESSOR_DEFINITIONS = (
					"DEBUG=1",
					"$(inherited)",
				);
				GCC_WARN_64_TO_32_BIT_CONVERSION = YES;
				GCC_WARN_ABOUT_RETURN_TYPE = YES_ERROR;
				GCC_WARN_UNDECLARED_SELECTOR = YES;
				GCC_WARN_UNINITIALIZED_AUTOS = YES_AGGRESSIVE;
				GCC_WARN_UNUSED_FUNCTION = YES;
				GCC_WARN_UNUSED_VARIABLE = YES;
				IPHONEOS_DEPLOYMENT_TARGET = 13.1;
				MTL_ENABLE_DEBUG_INFO = INCLUDE_SOURCE;
				MTL_FAST_MATH = YES;
				ONLY_ACTIVE_ARCH = YES;
				SDKROOT = iphoneos;
				SWIFT_ACTIVE_COMPILATION_CONDITIONS = DEBUG;
				SWIFT_OPTIMIZATION_LEVEL = "-Onone";
			};
			name = Debug;
		};
		97532F2523C1081300870843 /* Release */ = {
			isa = XCBuildConfiguration;
			buildSettings = {
				ALWAYS_SEARCH_USER_PATHS = NO;
				CLANG_ANALYZER_NONNULL = YES;
				CLANG_ANALYZER_NUMBER_OBJECT_CONVERSION = YES_AGGRESSIVE;
				CLANG_CXX_LANGUAGE_STANDARD = "gnu++14";
				CLANG_CXX_LIBRARY = "libc++";
				CLANG_ENABLE_MODULES = YES;
				CLANG_ENABLE_OBJC_ARC = YES;
				CLANG_ENABLE_OBJC_WEAK = YES;
				CLANG_WARN_BLOCK_CAPTURE_AUTORELEASING = YES;
				CLANG_WARN_BOOL_CONVERSION = YES;
				CLANG_WARN_COMMA = YES;
				CLANG_WARN_CONSTANT_CONVERSION = YES;
				CLANG_WARN_DEPRECATED_OBJC_IMPLEMENTATIONS = YES;
				CLANG_WARN_DIRECT_OBJC_ISA_USAGE = YES_ERROR;
				CLANG_WARN_DOCUMENTATION_COMMENTS = YES;
				CLANG_WARN_EMPTY_BODY = YES;
				CLANG_WARN_ENUM_CONVERSION = YES;
				CLANG_WARN_INFINITE_RECURSION = YES;
				CLANG_WARN_INT_CONVERSION = YES;
				CLANG_WARN_NON_LITERAL_NULL_CONVERSION = YES;
				CLANG_WARN_OBJC_IMPLICIT_RETAIN_SELF = YES;
				CLANG_WARN_OBJC_LITERAL_CONVERSION = YES;
				CLANG_WARN_OBJC_ROOT_CLASS = YES_ERROR;
				CLANG_WARN_RANGE_LOOP_ANALYSIS = YES;
				CLANG_WARN_STRICT_PROTOTYPES = YES;
				CLANG_WARN_SUSPICIOUS_MOVE = YES;
				CLANG_WARN_UNGUARDED_AVAILABILITY = YES_AGGRESSIVE;
				CLANG_WARN_UNREACHABLE_CODE = YES;
				CLANG_WARN__DUPLICATE_METHOD_MATCH = YES;
				COPY_PHASE_STRIP = NO;
				DEBUG_INFORMATION_FORMAT = "dwarf-with-dsym";
				ENABLE_NS_ASSERTIONS = NO;
				ENABLE_STRICT_OBJC_MSGSEND = YES;
				GCC_C_LANGUAGE_STANDARD = gnu11;
				GCC_NO_COMMON_BLOCKS = YES;
				GCC_WARN_64_TO_32_BIT_CONVERSION = YES;
				GCC_WARN_ABOUT_RETURN_TYPE = YES_ERROR;
				GCC_WARN_UNDECLARED_SELECTOR = YES;
				GCC_WARN_UNINITIALIZED_AUTOS = YES_AGGRESSIVE;
				GCC_WARN_UNUSED_FUNCTION = YES;
				GCC_WARN_UNUSED_VARIABLE = YES;
				IPHONEOS_DEPLOYMENT_TARGET = 13.1;
				MTL_ENABLE_DEBUG_INFO = NO;
				MTL_FAST_MATH = YES;
				SDKROOT = iphoneos;
				SWIFT_COMPILATION_MODE = wholemodule;
				SWIFT_OPTIMIZATION_LEVEL = "-O";
				VALIDATE_PRODUCT = YES;
			};
			name = Release;
		};
		97532F2723C1081300870843 /* Debug */ = {
			isa = XCBuildConfiguration;
			buildSettings = {
				ASSETCATALOG_COMPILER_APPICON_NAME = AppIcon;
				CODE_SIGN_STYLE = Automatic;
				INFOPLIST_FILE = GoodNews/Info.plist;
				LD_RUNPATH_SEARCH_PATHS = (
					"$(inherited)",
					"@executable_path/Frameworks",
				);
				PRODUCT_BUNDLE_IDENTIFIER = pushpank.GoodNews;
				PRODUCT_NAME = "$(TARGET_NAME)";
				SWIFT_VERSION = 5.0;
				TARGETED_DEVICE_FAMILY = "1,2";
			};
			name = Debug;
		};
		97532F2823C1081300870843 /* Release */ = {
			isa = XCBuildConfiguration;
			buildSettings = {
				ASSETCATALOG_COMPILER_APPICON_NAME = AppIcon;
				CODE_SIGN_STYLE = Automatic;
				INFOPLIST_FILE = GoodNews/Info.plist;
				LD_RUNPATH_SEARCH_PATHS = (
					"$(inherited)",
					"@executable_path/Frameworks",
				);
				PRODUCT_BUNDLE_IDENTIFIER = pushpank.GoodNews;
				PRODUCT_NAME = "$(TARGET_NAME)";
				SWIFT_VERSION = 5.0;
				TARGETED_DEVICE_FAMILY = "1,2";
			};
			name = Release;
		};
/* End XCBuildConfiguration section */

/* Begin XCConfigurationList section */
		97532F0D23C1081100870843 /* Build configuration list for PBXProject "GoodNews" */ = {
			isa = XCConfigurationList;
			buildConfigurations = (
				97532F2423C1081300870843 /* Debug */,
				97532F2523C1081300870843 /* Release */,
			);
			defaultConfigurationIsVisible = 0;
			defaultConfigurationName = Release;
		};
		97532F2623C1081300870843 /* Build configuration list for PBXNativeTarget "GoodNews" */ = {
			isa = XCConfigurationList;
			buildConfigurations = (
				97532F2723C1081300870843 /* Debug */,
				97532F2823C1081300870843 /* Release */,
			);
			defaultConfigurationIsVisible = 0;
			defaultConfigurationName = Release;
		};
/* End XCConfigurationList section */
	};
	rootObject = 97532F0A23C1081100870843 /* Project object */;
}
